{
  "name": "talkclub",
  "version": "0.0.1",
  "lockfileVersion": 2,
  "requires": true,
  "packages": {
    "": {
      "name": "talkclub",
      "version": "0.0.1",
      "license": "ISC",
      "dependencies": {
        "splux": "^1.6.2"
      },
      "devDependencies": {
        "@types/node": "^20.12.7",
        "mbr-serv-request": "^0.2.3",
        "typescript": "^5.4.5"
      }
    },
    "node_modules/@types/node": {
      "version": "20.12.7",
      "resolved": "https://registry.npmjs.org/@types/node/-/node-20.12.7.tgz",
      "integrity": "sha512-wq0cICSkRLVaf3UGLMGItu/PtdY7oaXaI/RVU+xliKVOtRna3PRY57ZDfztpDL0n11vfymMUnXv8QwYCO7L1wg==",
      "dev": true,
      "dependencies": {
        "undici-types": "~5.26.4"
      }
    },
    "node_modules/mbr-serv-request": {
      "version": "0.2.3",
      "resolved": "https://registry.npmjs.org/mbr-serv-request/-/mbr-serv-request-0.2.3.tgz",
      "integrity": "sha512-8t8YkSGnPq3z5aURkh8au/uKrlpvJfItA8M3kpkFF/MxDc4/+XKXAGAAqI0nMqkGMoxbm76wcgwRoNHXBoUFxQ==",
      "dev": true,
      "bin": {
        "mbr-dev-server": "lib/dev-server.js"
      }
    },
    "node_modules/splux": {
      "version": "1.6.2",
      "resolved": "https://registry.npmjs.org/splux/-/splux-1.6.2.tgz",
      "integrity": "sha512-oJGMQxQT1IFFUfHCHg/B+i6Mh2D+FVthb1x5VqzvQU2pUpcrwMjPccRt0NuULLYF8Xik7HL06Y4xEaEZinLEgA=="
    },
    "node_modules/typescript": {
      "version": "5.4.5",
      "resolved": "https://registry.npmjs.org/typescript/-/typescript-5.4.5.tgz",
      "integrity": "sha512-vcI4UpRgg81oIRUFwR0WSIHKt11nJ7SAVlYNIu+QpqeyXP+gpQJy/Z4+F0aGxSE4MqwjyXvW/TzgkLAx2AGHwQ==",
      "dev": true,
      "bin": {
        "tsc": "bin/tsc",
        "tsserver": "bin/tsserver"
      },
      "engines": {
        "node": ">=14.17"
      }
    },
    "node_modules/undici-types": {
      "version": "5.26.5",
      "resolved": "https://registry.npmjs.org/undici-types/-/undici-types-5.26.5.tgz",
      "integrity": "sha512-JlCMO+ehdEIKqlFxk6IfVoAUVmgz7cU7zD/h9XZ0qzeosSHmUJVOzSQvvYSYWXkFXC+IfLKSIffhv0sVZup6pA==",
      "dev": true
    }
  },
  "dependencies": {
    "@types/node": {
      "version": "20.12.7",
      "resolved": "https://registry.npmjs.org/@types/node/-/node-20.12.7.tgz",
      "integrity": "sha512-wq0cICSkRLVaf3UGLMGItu/PtdY7oaXaI/RVU+xliKVOtRna3PRY57ZDfztpDL0n11vfymMUnXv8QwYCO7L1wg==",
      "dev": true,
      "requires": {
        "undici-types": "~5.26.4"
      }
    },
    "mbr-serv-request": {
      "version": "0.2.3",
      "resolved": "https://registry.npmjs.org/mbr-serv-request/-/mbr-serv-request-0.2.3.tgz",
      "integrity": "sha512-8t8YkSGnPq3z5aURkh8au/uKrlpvJfItA8M3kpkFF/MxDc4/+XKXAGAAqI0nMqkGMoxbm76wcgwRoNHXBoUFxQ==",
      "dev": true
    },
    "splux": {
      "version": "1.6.2",
      "resolved": "https://registry.npmjs.org/splux/-/splux-1.6.2.tgz",
      "integrity": "sha512-oJGMQxQT1IFFUfHCHg/B+i6Mh2D+FVthb1x5VqzvQU2pUpcrwMjPccRt0NuULLYF8Xik7HL06Y4xEaEZinLEgA=="
    },
    "typescript": {
      "version": "5.4.5",
      "resolved": "https://registry.npmjs.org/typescript/-/typescript-5.4.5.tgz",
      "integrity": "sha512-vcI4UpRgg81oIRUFwR0WSIHKt11nJ7SAVlYNIu+QpqeyXP+gpQJy/Z4+F0aGxSE4MqwjyXvW/TzgkLAx2AGHwQ==",
      "dev": true
    },
    "undici-types": {
      "version": "5.26.5",
      "resolved": "https://registry.npmjs.org/undici-types/-/undici-types-5.26.5.tgz",
      "integrity": "sha512-JlCMO+ehdEIKqlFxk6IfVoAUVmgz7cU7zD/h9XZ0qzeosSHmUJVOzSQvvYSYWXkFXC+IfLKSIffhv0sVZup6pA==",
      "dev": true
    }
  }
}
